version = 1
revision = 3
requires-python = ">=3.13"

[[package]]
name = "certifi"
version = "2026.2.25"
source = { registry = "https://pypi.org/simple" }
sdist = { url = "https://files.pythonhosted.org/packages/af/2d/7bf41579a8986e348fa033a31cdd0e4121114f6bce2457e8876010b092dd/certifi-2026.2.25.tar.gz", hash = "sha256:e887ab5cee78ea814d3472169153c2d12cd43b14bd03329a39a9c6e2e80bfba7", size = 155029, upload-time = "2026-02-25T02:54:17.342Z" }
wheels = [
    { url = "https://files.pythonhosted.org/packages/9a/3c/c17fb3ca2d9c3acff52e30b309f538586f9f5b9c9cf454f3845fc9af4881/certifi-2026.2.25-py3-none-any.whl", hash = "sha256:027692e4402ad994f1c42e52a4997a9763c646b73e4096e4d5d6db8af1d6f0fa", size = 153684, upload-time = "2026-02-25T02:54:15.766Z" },
]

[[package]]
name = "charset-normalizer"
version = "3.4.6"
source = { registry = "https://pypi.org/simple" }
sdist = { url = "https://files.pythonhosted.org/packages/7b/60/e3bec1881450851b087e301bedc3daa9377a4d45f1c26aa90b0b235e38aa/charset_normalizer-3.4.6.tar.gz", hash = "sha256:1ae6b62897110aa7c79ea2f5dd38d1abca6db663687c0b1ad9aed6f6bae3d9d6", size = 143363, upload-time = "2026-03-15T18:53:25.478Z" }
wheels = [
    { url = "https://files.pythonhosted.org/packages/1e/1d/4fdabeef4e231153b6ed7567602f3b68265ec4e5b76d6024cf647d43d981/charset_normalizer-3.4.6-cp313-cp313-macosx_10_13_universal2.whl", hash = "sha256:11afb56037cbc4b1555a34dd69151e8e069bee82e613a73bef6e714ce733585f", size = 294823, upload-time = "2026-03-15T18:51:15.755Z" },
    { url = "https://files.pythonhosted.org/packages/47/7b/20e809b89c69d37be748d98e84dce6820bf663cf19cf6b942c951a3e8f41/charset_normalizer-3.4.6-cp313-cp313-manylinux2014_aarch64.manylinux_2_17_aarch64.manylinux_2_28_aarch64.whl", hash = "sha256:423fb7e748a08f854a08a222b983f4df1912b1daedce51a72bd24fe8f26a1843", size = 198527, upload-time = "2026-03-15T18:51:17.177Z" },
    { url = "https://files.pythonhosted.org/packages/37/a6/4f8d27527d59c039dce6f7622593cdcd3d70a8504d87d09eb11e9fdc6062/charset_normalizer-3.4.6-cp313-cp313-manylinux2014_ppc64le.manylinux_2_17_ppc64le.manylinux_2_28_ppc64le.whl", hash = "sha256:d73beaac5e90173ac3deb9928a74763a6d230f494e4bfb422c217a0ad8e629bf", size = 218388, upload-time = "2026-03-15T18:51:18.934Z" },
    { url = "https://files.pythonhosted.org/packages/f6/9b/4770ccb3e491a9bacf1c46cc8b812214fe367c86a96353ccc6daf87b01ec/charset_normalizer-3.4.6-cp313-cp313-manylinux2014_s390x.manylinux_2_17_s390x.manylinux_2_28_s390x.whl", hash = "sha256:d60377dce4511655582e300dc1e5a5f24ba0cb229005a1d5c8d0cb72bb758ab8", size = 214563, upload-time = "2026-03-15T18:51:20.374Z" },
    { url = "https://files.pythonhosted.org/packages/2b/58/a199d245894b12db0b957d627516c78e055adc3a0d978bc7f65ddaf7c399/charset_normalizer-3.4.6-cp313-cp313-manylinux2014_x86_64.manylinux_2_17_x86_64.manylinux_2_28_x86_64.whl", hash = "sha256:530e8cebeea0d76bdcf93357aa5e41336f48c3dc709ac52da2bb167c5b8271d9", size = 206587, upload-time = "2026-03-15T18:51:21.807Z" },
    { url = "https://files.pythonhosted.org/packages/7e/70/3def227f1ec56f5c69dfc8392b8bd63b11a18ca8178d9211d7cc5e5e4f27/charset_normalizer-3.4.6-cp313-cp313-manylinux_2_31_armv7l.whl", hash = "sha256:a26611d9987b230566f24a0a125f17fe0de6a6aff9f25c9f564aaa2721a5fb88", size = 194724, upload-time = "2026-03-15T18:51:23.508Z" },
    { url = "https://files.pythonhosted.org/packages/58/ab/9318352e220c05efd31c2779a23b50969dc94b985a2efa643ed9077bfca5/charset_normalizer-3.4.6-cp313-cp313-manylinux_2_31_riscv64.manylinux_2_39_riscv64.whl", hash = "sha256:34315ff4fc374b285ad7f4a0bf7dcbfe769e1b104230d40f49f700d4ab6bbd84", size = 202956, upload-time = "2026-03-15T18:51:25.239Z" },
    { url = "https://files.pythonhosted.org/packages/75/13/f3550a3ac25b70f87ac98c40d3199a8503676c2f1620efbf8d42095cfc40/charset_normalizer-3.4.6-cp313-cp313-musllinux_1_2_aarch64.whl", hash = "sha256:5f8ddd609f9e1af8c7bd6e2aca279c931aefecd148a14402d4e368f3171769fd", size = 201923, upload-time = "2026-03-15T18:51:26.682Z" },
    { url = "https://files.pythonhosted.org/packages/1b/db/c5c643b912740b45e8eec21de1bbab8e7fc085944d37e1e709d3dcd9d72f/charset_normalizer-3.4.6-cp313-cp313-musllinux_1_2_armv7l.whl", hash = "sha256:80d0a5615143c0b3225e5e3ef22c8d5d51f3f72ce0ea6fb84c943546c7b25b6c", size = 195366, upload-time = "2026-03-15T18:51:28.129Z" },
    { url = "https://files.pythonhosted.org/packages/5a/67/3b1c62744f9b2448443e0eb160d8b001c849ec3fef591e012eda6484787c/charset_normalizer-3.4.6-cp313-cp313-musllinux_1_2_ppc64le.whl", hash = "sha256:92734d4d8d187a354a556626c221cd1a892a4e0802ccb2af432a1d85ec012194", size = 219752, upload-time = "2026-03-15T18:51:29.556Z" },
    { url = "https://files.pythonhosted.org/packages/f6/98/32ffbaf7f0366ffb0445930b87d103f6b406bc2c271563644bde8a2b1093/charset_normalizer-3.4.6-cp313-cp313-musllinux_1_2_riscv64.whl", hash = "sha256:613f19aa6e082cf96e17e3ffd89383343d0d589abda756b7764cf78361fd41dc", size = 203296, upload-time = "2026-03-15T18:51:30.921Z" },
    { url = "https://files.pythonhosted.org/packages/41/12/5d308c1bbe60cabb0c5ef511574a647067e2a1f631bc8634fcafaccd8293/charset_normalizer-3.4.6-cp313-cp313-musllinux_1_2_s390x.whl", hash = "sha256:2b1a63e8224e401cafe7739f77efd3f9e7f5f2026bda4aead8e59afab537784f", size = 215956, upload-time = "2026-03-15T18:51:32.399Z" },
    { url = "https://files.pythonhosted.org/packages/53/e9/5f85f6c5e20669dbe56b165c67b0260547dea97dba7e187938833d791687/charset_normalizer-3.4.6-cp313-cp313-musllinux_1_2_x86_64.whl", hash = "sha256:6cceb5473417d28edd20c6c984ab6fee6c6267d38d906823ebfe20b03d607dc2", size = 208652, upload-time = "2026-03-15T18:51:34.214Z" },
    { url = "https://files.pythonhosted.org/packages/f1/11/897052ea6af56df3eef3ca94edafee410ca699ca0c7b87960ad19932c55e/charset_normalizer-3.4.6-cp313-cp313-win32.whl", hash = "sha256:d7de2637729c67d67cf87614b566626057e95c303bc0a55ffe391f5205e7003d", size = 143940, upload-time = "2026-03-15T18:51:36.15Z" },
    { url = "https://files.pythonhosted.org/packages/a1/5c/724b6b363603e419829f561c854b87ed7c7e31231a7908708ac086cdf3e2/charset_normalizer-3.4.6-cp313-cp313-win_amd64.whl", hash = "sha256:572d7c822caf521f0525ba1bce1a622a0b85cf47ffbdae6c9c19e3b5ac3c4389", size = 154101, upload-time = "2026-03-15T18:51:37.876Z" },
    { url = "https://files.pythonhosted.org/packages/01/a5/7abf15b4c0968e47020f9ca0935fb3274deb87cb288cd187cad92e8cdffd/charset_normalizer-3.4.6-cp313-cp313-win_arm64.whl", hash = "sha256:a4474d924a47185a06411e0064b803c68be044be2d60e50e8bddcc2649957c1f", size = 143109, upload-time = "2026-03-15T18:51:39.565Z" },
    { url = "https://files.pythonhosted.org/packages/25/6f/ffe1e1259f384594063ea1869bfb6be5cdb8bc81020fc36c3636bc8302a1/charset_normalizer-3.4.6-cp314-cp314-macosx_10_15_universal2.whl", hash = "sha256:9cc6e6d9e571d2f863fa77700701dae73ed5f78881efc8b3f9a4398772ff53e8", size = 294458, upload-time = "2026-03-15T18:51:41.134Z" },
    { url = "https://files.pythonhosted.org/packages/56/60/09bb6c13a8c1016c2ed5c6a6488e4ffef506461aa5161662bd7636936fb1/charset_normalizer-3.4.6-cp314-cp314-manylinux2014_aarch64.manylinux_2_17_aarch64.manylinux_2_28_aarch64.whl", hash = "sha256:ef5960d965e67165d75b7c7ffc60a83ec5abfc5c11b764ec13ea54fbef8b4421", size = 199277, upload-time = "2026-03-15T18:51:42.953Z" },
    { url = "https://files.pythonhosted.org/packages/00/50/dcfbb72a5138bbefdc3332e8d81a23494bf67998b4b100703fd15fa52d81/charset_normalizer-3.4.6-cp314-cp314-manylinux2014_ppc64le.manylinux_2_17_ppc64le.manylinux_2_28_ppc64le.whl", hash = "sha256:b3694e3f87f8ac7ce279d4355645b3c878d24d1424581b46282f24b92f5a4ae2", size = 218758, upload-time = "2026-03-15T18:51:44.339Z" },
    { url = "https://files.pythonhosted.org/packages/03/b3/d79a9a191bb75f5aa81f3aaaa387ef29ce7cb7a9e5074ba8ea095cc073c2/charset_normalizer-3.4.6-cp314-cp314-manylinux2014_s390x.manylinux_2_17_s390x.manylinux_2_28_s390x.whl", hash = "sha256:5d11595abf8dd942a77883a39d81433739b287b6aa71620f15164f8096221b30", size = 215299, upload-time = "2026-03-15T18:51:45.871Z" },
    { url = "https://files.pythonhosted.org/packages/76/7e/bc8911719f7084f72fd545f647601ea3532363927f807d296a8c88a62c0d/charset_normalizer-3.4.6-cp314-cp314-manylinux2014_x86_64.manylinux_2_17_x86_64.manylinux_2_28_x86_64.whl", hash = "sha256:7bda6eebafd42133efdca535b04ccb338ab29467b3f7bf79569883676fc628db", size = 206811, upload-time = "2026-03-15T18:51:47.308Z" },
    { url = "https://files.pythonhosted.org/packages/e2/40/c430b969d41dda0c465aa36cc7c2c068afb67177bef50905ac371b28ccc7/charset_normalizer-3.4.6-cp314-cp314-manylinux_2_31_armv7l.whl", hash = "sha256:bbc8c8650c6e51041ad1be191742b8b421d05bbd3410f43fa2a00c8db87678e8", size = 193706, upload-time = "2026-03-15T18:51:48.849Z" },
    { url = "https://files.pythonhosted.org/packages/48/15/e35e0590af254f7df984de1323640ef375df5761f615b6225ba8deb9799a/charset_normalizer-3.4.6-cp314-cp314-manylinux_2_31_riscv64.manylinux_2_39_riscv64.whl", hash = "sha256:22c6f0c2fbc31e76c3b8a86fba1a56eda6166e238c29cdd3d14befdb4a4e4815", size = 202706, upload-time = "2026-03-15T18:51:50.257Z" },
    { url = "https://files.pythonhosted.org/packages/5e/bd/f736f7b9cc5e93a18b794a50346bb16fbfd6b37f99e8f306f7951d27c17c/charset_normalizer-3.4.6-cp314-cp314-musllinux_1_2_aarch64.whl", hash = "sha256:7edbed096e4a4798710ed6bc75dcaa2a21b68b6c356553ac4823c3658d53743a", size = 202497, upload-time = "2026-03-15T18:51:52.012Z" },
    { url = "https://files.pythonhosted.org/packages/9d/ba/2cc9e3e7dfdf7760a6ed8da7446d22536f3d0ce114ac63dee2a5a3599e62/charset_normalizer-3.4.6-cp314-cp314-musllinux_1_2_armv7l.whl", hash = "sha256:7f9019c9cb613f084481bd6a100b12e1547cf2efe362d873c2e31e4035a6fa43", size = 193511, upload-time = "2026-03-15T18:51:53.723Z" },
    { url = "https://files.pythonhosted.org/packages/9e/cb/5be49b5f776e5613be07298c80e1b02a2d900f7a7de807230595c85a8b2e/charset_normalizer-3.4.6-cp314-cp314-musllinux_1_2_ppc64le.whl", hash = "sha256:58c948d0d086229efc484fe2f30c2d382c86720f55cd9bc33591774348ad44e0", size = 220133, upload-time = "2026-03-15T18:51:55.333Z" },
    { url = "https://files.pythonhosted.org/packages/83/43/99f1b5dad345accb322c80c7821071554f791a95ee50c1c90041c157ae99/charset_normalizer-3.4.6-cp314-cp314-musllinux_1_2_riscv64.whl", hash = "sha256:419a9d91bd238052642a51938af8ac05da5b3343becde08d5cdeab9046df9ee1", size = 203035, upload-time = "2026-03-15T18:51:56.736Z" },
    { url = "https://files.pythonhosted.org/packages/87/9a/62c2cb6a531483b55dddff1a68b3d891a8b498f3ca555fbcf2978e804d9d/charset_normalizer-3.4.6-cp314-cp314-musllinux_1_2_s390x.whl", hash = "sha256:5273b9f0b5835ff0350c0828faea623c68bfa65b792720c453e22b25cc72930f", size = 216321, upload-time = "2026-03-15T18:51:58.17Z" },
    { url = "https://files.pythonhosted.org/packages/6e/79/94a010ff81e3aec7c293eb82c28f930918e517bc144c9906a060844462eb/charset_normalizer-3.4.6-cp314-cp314-musllinux_1_2_x86_64.whl", hash = "sha256:0e901eb1049fdb80f5bd11ed5ea1e498ec423102f7a9b9e4645d5b8204ff2815", size = 208973, upload-time = "2026-03-15T18:51:59.998Z" },
    { url = "https://files.pythonhosted.org/packages/2a/57/4ecff6d4ec8585342f0c71bc03efaa99cb7468f7c91a57b105bcd561cea8/charset_normalizer-3.4.6-cp314-cp314-win32.whl", hash = "sha256:b4ff1d35e8c5bd078be89349b6f3a845128e685e751b6ea1169cf2160b344c4d", size = 144610, upload-time = "2026-03-15T18:52:02.213Z" },
    { url = "https://files.pythonhosted.org/packages/80/94/8434a02d9d7f168c25767c64671fead8d599744a05d6a6c877144c754246/charset_normalizer-3.4.6-cp314-cp314-win_amd64.whl", hash = "sha256:74119174722c4349af9708993118581686f343adc1c8c9c007d59be90d077f3f", size = 154962, upload-time = "2026-03-15T18:52:03.658Z" },
    { url = "https://files.pythonhosted.org/packages/46/4c/48f2cdbfd923026503dfd67ccea45c94fd8fe988d9056b468579c66ed62b/charset_normalizer-3.4.6-cp314-cp314-win_arm64.whl", hash = "sha256:e5bcc1a1ae744e0bb59641171ae53743760130600da8db48cbb6e4918e186e4e", size = 143595, upload-time = "2026-03-15T18:52:05.123Z" },
    { url = "https://files.pythonhosted.org/packages/31/93/8878be7569f87b14f1d52032946131bcb6ebbd8af3e20446bc04053dc3f1/charset_normalizer-3.4.6-cp314-cp314t-macosx_10_15_universal2.whl", hash = "sha256:ad8faf8df23f0378c6d527d8b0b15ea4a2e23c89376877c598c4870d1b2c7866", size = 314828, upload-time = "2026-03-15T18:52:06.831Z" },
    { url = "https://files.pythonhosted.org/packages/06/b6/fae511ca98aac69ecc35cde828b0a3d146325dd03d99655ad38fc2cc3293/charset_normalizer-3.4.6-cp314-cp314t-manylinux2014_aarch64.manylinux_2_17_aarch64.manylinux_2_28_aarch64.whl", hash = "sha256:f5ea69428fa1b49573eef0cc44a1d43bebd45ad0c611eb7d7eac760c7ae771bc", size = 208138, upload-time = "2026-03-15T18:52:08.239Z" },
    { url = "https://files.pythonhosted.org/packages/54/57/64caf6e1bf07274a1e0b7c160a55ee9e8c9ec32c46846ce59b9c333f7008/charset_normalizer-3.4.6-cp314-cp314t-manylinux2014_ppc64le.manylinux_2_17_ppc64le.manylinux_2_28_ppc64le.whl", hash = "sha256:06a7e86163334edfc5d20fe104db92fcd666e5a5df0977cb5680a506fe26cc8e", size = 224679, upload-time = "2026-03-15T18:52:10.043Z" },
    { url = "https://files.pythonhosted.org/packages/aa/cb/9ff5a25b9273ef160861b41f6937f86fae18b0792fe0a8e75e06acb08f1d/charset_normalizer-3.4.6-cp314-cp314t-manylinux2014_s390x.manylinux_2_17_s390x.manylinux_2_28_s390x.whl", hash = "sha256:e1f6e2f00a6b8edb562826e4632e26d063ac10307e80f7461f7de3ad8ef3f077", size = 223475, upload-time = "2026-03-15T18:52:11.854Z" },
    { url = "https://files.pythonhosted.org/packages/fc/97/440635fc093b8d7347502a377031f9605a1039c958f3cd18dcacffb37743/charset_normalizer-3.4.6-cp314-cp314t-manylinux2014_x86_64.manylinux_2_17_x86_64.manylinux_2_28_x86_64.whl", hash = "sha256:95b52c68d64c1878818687a473a10547b3292e82b6f6fe483808fb1468e2f52f", size = 215230, upload-time = "2026-03-15T18:52:13.325Z" },
    { url = "https://files.pythonhosted.org/packages/cd/24/afff630feb571a13f07c8539fbb502d2ab494019492aaffc78ef41f1d1d0/charset_normalizer-3.4.6-cp314-cp314t-manylinux_2_31_armv7l.whl", hash = "sha256:7504e9b7dc05f99a9bbb4525c67a2c155073b44d720470a148b34166a69c054e", size = 199045, upload-time = "2026-03-15T18:52:14.752Z" },
    { url = "https://files.pythonhosted.org/packages/e5/17/d1399ecdaf7e0498c327433e7eefdd862b41236a7e484355b8e0e5ebd64b/charset_normalizer-3.4.6-cp314-cp314t-manylinux_2_31_riscv64.manylinux_2_39_riscv64.whl", hash = "sha256:172985e4ff804a7ad08eebec0a1640ece87ba5041d565fff23c8f99c1f389484", size = 211658, upload-time = "2026-03-15T18:52:16.278Z" },
    { url = "https://files.pythonhosted.org/packages/b5/38/16baa0affb957b3d880e5ac2144caf3f9d7de7bc4a91842e447fbb5e8b67/charset_normalizer-3.4.6-cp314-cp314t-musllinux_1_2_aarch64.whl", hash = "sha256:4be9f4830ba8741527693848403e2c457c16e499100963ec711b1c6f2049b7c7", size = 210769, upload-time = "2026-03-15T18:52:17.782Z" },
    { url = "https://files.pythonhosted.org/packages/05/34/c531bc6ac4c21da9ddfddb3107be2287188b3ea4b53b70fc58f2a77ac8d8/charset_normalizer-3.4.6-cp314-cp314t-musllinux_1_2_armv7l.whl", hash = "sha256:79090741d842f564b1b2827c0b82d846405b744d31e84f18d7a7b41c20e473ff", size = 201328, upload-time = "2026-03-15T18:52:19.553Z" },
    { url = "https://files.pythonhosted.org/packages/fa/73/a5a1e9ca5f234519c1953608a03fe109c306b97fdfb25f09182babad51a7/charset_normalizer-3.4.6-cp314-cp314t-musllinux_1_2_ppc64le.whl", hash = "sha256:87725cfb1a4f1f8c2fc9890ae2f42094120f4b44db9360be5d99a4c6b0e03a9e", size = 225302, upload-time = "2026-03-15T18:52:21.043Z" },
    { url = "https://files.pythonhosted.org/packages/ba/f6/cd782923d112d296294dea4bcc7af5a7ae0f86ab79f8fefbda5526b6cfc0/charset_normalizer-3.4.6-cp314-cp314t-musllinux_1_2_riscv64.whl", hash = "sha256:fcce033e4021347d80ed9c66dcf1e7b1546319834b74445f561d2e2221de5659", size = 211127, upload-time = "2026-03-15T18:52:22.491Z" },
    { url = "https://files.pythonhosted.org/packages/0e/c5/0b6898950627af7d6103a449b22320372c24c6feda91aa24e201a478d161/charset_normalizer-3.4.6-cp314-cp314t-musllinux_1_2_s390x.whl", hash = "sha256:ca0276464d148c72defa8bb4390cce01b4a0e425f3b50d1435aa6d7a18107602", size = 222840, upload-time = "2026-03-15T18:52:24.113Z" },
    { url = "https://files.pythonhosted.org/packages/7d/25/c4bba773bef442cbdc06111d40daa3de5050a676fa26e85090fc54dd12f0/charset_normalizer-3.4.6-cp314-cp314t-musllinux_1_2_x86_64.whl", hash = "sha256:197c1a244a274bb016dd8b79204850144ef77fe81c5b797dc389327adb552407", size = 216890, upload-time = "2026-03-15T18:52:25.541Z" },
    { url = "https://files.pythonhosted.org/packages/35/1a/05dacadb0978da72ee287b0143097db12f2e7e8d3ffc4647da07a383b0b7/charset_normalizer-3.4.6-cp314-cp314t-win32.whl", hash = "sha256:2a24157fa36980478dd1770b585c0f30d19e18f4fb0c47c13aa568f871718579", size = 155379, upload-time = "2026-03-15T18:52:27.05Z" },
    { url = "https://files.pythonhosted.org/packages/5d/7a/d269d834cb3a76291651256f3b9a5945e81d0a49ab9f4a498964e83c0416/charset_normalizer-3.4.6-cp314-cp314t-win_amd64.whl", hash = "sha256:cd5e2801c89992ed8c0a3f0293ae83c159a60d9a5d685005383ef4caca77f2c4", size = 169043, upload-time = "2026-03-15T18:52:28.502Z" },
    { url = "https://files.pythonhosted.org/packages/23/06/28b29fba521a37a8932c6a84192175c34d49f84a6d4773fa63d05f9aff22/charset_normalizer-3.4.6-cp314-cp314t-win_arm64.whl", hash = "sha256:47955475ac79cc504ef2704b192364e51d0d473ad452caedd0002605f780101c", size = 148523, upload-time = "2026-03-15T18:52:29.956Z" },
    { url = "https://files.pythonhosted.org/packages/2a/68/687187c7e26cb24ccbd88e5069f5ef00eba804d36dde11d99aad0838ab45/charset_normalizer-3.4.6-py3-none-any.whl", hash = "sha256:947cf925bc916d90adba35a64c82aace04fa39b46b52d4630ece166655905a69", size = 61455, upload-time = "2026-03-15T18:53:23.833Z" },
]

[[package]]
name = "colorama"
version = "0.4.6"
source = { registry = "https://pypi.org/simple" }
sdist = { url = "https://files.pythonhosted.org/packages/d8/53/6f443c9a4a8358a93a6792e2acffb9d9d5cb0a5cfd8802644b7b1c9a02e4/colorama-0.4.6.tar.gz", hash = "sha256:08695f5cb7ed6e0531a20572697297273c47b8cae5a63ffc6d6ed5c201be6e44", size = 27697, upload-time = "2022-10-25T02:36:22.414Z" }
wheels = [
    { url = "https://files.pythonhosted.org/packages/d1/d6/3965ed04c63042e047cb6a3e6ed1a63a35087b6a609aa3a15ed8ac56c221/colorama-0.4.6-py2.py3-none-any.whl", hash = "sha256:4f1d9991f5acc0ca119f9d443620b77f9d6b33703e51011c16baf57afb285fc6", size = 25335, upload-time = "2022-10-25T02:36:20.889Z" },
]

[[package]]
name = "idna"
version = "3.11"
source = { registry = "https://pypi.org/simple" }
sdist = { url = "https://files.pythonhosted.org/packages/6f/6d/0703ccc57f3a7233505399edb88de3cbd678da106337b9fcde432b65ed60/idna-3.11.tar.gz", hash = "sha256:795dafcc9c04ed0c1fb032c2aa73654d8e8c5023a7df64a53f39190ada629902", size = 194582, upload-time = "2025-10-12T14:55:20.501Z" }
wheels = [
    { url = "https://files.pythonhosted.org/packages/0e/61/66938bbb5fc52dbdf84594873d5b51fb1f7c7794e9c0f5bd885f30bc507b/idna-3.11-py3-none-any.whl", hash = "sha256:771a87f49d9defaf64091e6e6fe9c18d4833f140bd19464795bc32d966ca37ea", size = 71008, upload-time = "2025-10-12T14:55:18.883Z" },
]

[[package]]
name = "jinja2"
version = "3.1.6"
source = { registry = "https://pypi.org/simple" }
dependencies = [
    { name = "markupsafe" },
]
sdist = { url = "https://files.pythonhosted.org/packages/df/bf/f7da0350254c0ed7c72f3e33cef02e048281fec7ecec5f032d4aac52226b/jinja2-3.1.6.tar.gz", hash = "sha256:0137fb05990d35f1275a587e9aee6d56da821fc83491a0fb838183be43f66d6d", size = 245115, upload-time = "2025-03-05T20:05:02.478Z" }
wheels = [
    { url = "https://files.pythonhosted.org/packages/62/a1/3d680cbfd5f4b8f15abc1d571870c5fc3e594bb582bc3b64ea099db13e56/jinja2-3.1.6-py3-none-any.whl", hash = "sha256:85ece4451f492d0c13c5dd7c13a64681a86afae63a5f347908daf103ce6d2f67", size = 134899, upload-time = "2025-03-05T20:05:00.369Z" },
]

[[package]]
name = "loguru"
version = "0.7.3"
source = { registry = "https://pypi.org/simple" }
dependencies = [
    { name = "colorama", marker = "sys_platform == 'win32'" },
    { name = "win32-setctime", marker = "sys_platform == 'win32'" },
]
sdist = { url = "https://files.pythonhosted.org/packages/3a/05/a1dae3dffd1116099471c643b8924f5aa6524411dc6c63fdae648c4f1aca/loguru-0.7.3.tar.gz", hash = "sha256:19480589e77d47b8d85b2c827ad95d49bf31b0dcde16593892eb51dd18706eb6", size = 63559, upload-time = "2024-12-06T11:20:56.608Z" }
wheels = [
    { url = "https://files.pythonhosted.org/packages/0c/29/0348de65b8cc732daa3e33e67806420b2ae89bdce2b04af740289c5c6c8c/loguru-0.7.3-py3-none-any.whl", hash = "sha256:31a33c10c8e1e10422bfd431aeb5d351c7cf7fa671e3c4df004162264b28220c", size = 61595, upload-time = "2024-12-06T11:20:54.538Z" },
]

[[package]]
name = "markupsafe"
version = "3.0.3"
source = { registry = "https://pypi.org/simple" }
sdist = { url = "https://files.pythonhosted.org/packages/7e/99/7690b6d4034fffd95959cbe0c02de8deb3098cc577c67bb6a24fe5d7caa7/markupsafe-3.0.3.tar.gz", hash = "sha256:722695808f4b6457b320fdc131280796bdceb04ab50fe1795cd540799ebe1698", size = 80313, upload-time = "2025-09-27T18:37:40.426Z" }
wheels = [
    { url = "https://files.pythonhosted.org/packages/38/2f/907b9c7bbba283e68f20259574b13d005c121a0fa4c175f9bed27c4597ff/markupsafe-3.0.3-cp313-cp313-macosx_10_13_x86_64.whl", hash = "sha256:e1cf1972137e83c5d4c136c43ced9ac51d0e124706ee1c8aa8532c1287fa8795", size = 11622, upload-time = "2025-09-27T18:36:41.777Z" },
    { url = "https://files.pythonhosted.org/packages/9c/d9/5f7756922cdd676869eca1c4e3c0cd0df60ed30199ffd775e319089cb3ed/markupsafe-3.0.3-cp313-cp313-macosx_11_0_arm64.whl", hash = "sha256:116bb52f642a37c115f517494ea5feb03889e04df47eeff5b130b1808ce7c219", size = 12029, upload-time = "2025-09-27T18:36:43.257Z" },
    { url = "https://files.pythonhosted.org/packages/00/07/575a68c754943058c78f30db02ee03a64b3c638586fba6a6dd56830b30a3/markupsafe-3.0.3-cp313-cp313-manylinux2014_aarch64.manylinux_2_17_aarch64.manylinux_2_28_aarch64.whl", hash = "sha256:133a43e73a802c5562be9bbcd03d090aa5a1fe899db609c29e8c8d815c5f6de6", size = 24374, upload-time = "2025-09-27T18:36:44.508Z" },
    { url = "https://files.pythonhosted.org/packages/a9/21/9b05698b46f218fc0e118e1f8168395c65c8a2c750ae2bab54fc4bd4e0e8/markupsafe-3.0.3-cp313-cp313-manylinux2014_x86_64.manylinux_2_17_x86_64.manylinux_2_28_x86_64.whl", hash = "sha256:ccfcd093f13f0f0b7fdd0f198b90053bf7b2f02a3927a30e63f3ccc9df56b676", size = 22980, upload-time = "2025-09-27T18:36:45.385Z" },
    { url = "https://files.pythonhosted.org/packages/7f/71/544260864f893f18b6827315b988c146b559391e6e7e8f7252839b1b846a/markupsafe-3.0.3-cp313-cp313-manylinux_2_31_riscv64.manylinux_2_39_riscv64.whl", hash = "sha256:509fa21c6deb7a7a273d629cf5ec029bc209d1a51178615ddf718f5918992ab9", size = 21990, upload-time = "2025-09-27T18:36:46.916Z" },
    { url = "https://files.pythonhosted.org/packages/c2/28/b50fc2f74d1ad761af2f5dcce7492648b983d00a65b8c0e0cb457c82ebbe/markupsafe-3.0.3-cp313-cp313-musllinux_1_2_aarch64.whl", hash = "sha256:a4afe79fb3de0b7097d81da19090f4df4f8d3a2b3adaa8764138aac2e44f3af1", size = 23784, upload-time = "2025-09-27T18:36:47.884Z" },
    { url = "https://files.pythonhosted.org/packages/ed/76/104b2aa106a208da8b17a2fb72e033a5a9d7073c68f7e508b94916ed47a9/markupsafe-3.0.3-cp313-cp313-musllinux_1_2_riscv64.whl", hash = "sha256:795e7751525cae078558e679d646ae45574b47ed6e7771863fcc079a6171a0fc", size = 21588, upload-time = "2025-09-27T18:36:48.82Z" },
    { url = "https://files.pythonhosted.org/packages/b5/99/16a5eb2d140087ebd97180d95249b00a03aa87e29cc224056274f2e45fd6/markupsafe-3.0.3-cp313-cp313-musllinux_1_2_x86_64.whl", hash = "sha256:8485f406a96febb5140bfeca44a73e3ce5116b2501ac54fe953e488fb1d03b12", size = 23041, upload-time = "2025-09-27T18:36:49.797Z" },
    { url = "https://files.pythonhosted.org/packages/19/bc/e7140ed90c5d61d77cea142eed9f9c303f4c4806f60a1044c13e3f1471d0/markupsafe-3.0.3-cp313-cp313-win32.whl", hash = "sha256:bdd37121970bfd8be76c5fb069c7751683bdf373db1ed6c010162b2a130248ed", size = 14543, upload-time = "2025-09-27T18:36:51.584Z" },
    { url = "https://files.pythonhosted.org/packages/05/73/c4abe620b841b6b791f2edc248f556900667a5a1cf023a6646967ae98335/markupsafe-3.0.3-cp313-cp313-win_amd64.whl", hash = "sha256:9a1abfdc021a164803f4d485104931fb8f8c1efd55bc6b748d2f5774e78b62c5", size = 15113, upload-time = "2025-09-27T18:36:52.537Z" },
    { url = "https://files.pythonhosted.org/packages/f0/3a/fa34a0f7cfef23cf9500d68cb7c32dd64ffd58a12b09225fb03dd37d5b80/markupsafe-3.0.3-cp313-cp313-win_arm64.whl", hash = "sha256:7e68f88e5b8799aa49c85cd116c932a1ac15caaa3f5db09087854d218359e485", size = 13911, upload-time = "2025-09-27T18:36:53.513Z" },
    { url = "https://files.pythonhosted.org/packages/e4/d7/e05cd7efe43a88a17a37b3ae96e79a19e846f3f456fe79c57ca61356ef01/markupsafe-3.0.3-cp313-cp313t-macosx_10_13_x86_64.whl", hash = "sha256:218551f6df4868a8d527e3062d0fb968682fe92054e89978594c28e642c43a73", size = 11658, upload-time = "2025-09-27T18:36:54.819Z" },
    { url = "https://files.pythonhosted.org/packages/99/9e/e412117548182ce2148bdeacdda3bb494260c0b0184360fe0d56389b523b/markupsafe-3.0.3-cp313-cp313t-macosx_11_0_arm64.whl", hash = "sha256:3524b778fe5cfb3452a09d31e7b5adefeea8c5be1d43c4f810ba09f2ceb29d37", size = 12066, upload-time = "2025-09-27T18:36:55.714Z" },
    { url = "https://files.pythonhosted.org/packages/bc/e6/fa0ffcda717ef64a5108eaa7b4f5ed28d56122c9a6d70ab8b72f9f715c80/markupsafe-3.0.3-cp313-cp313t-manylinux2014_aarch64.manylinux_2_17_aarch64.manylinux_2_28_aarch64.whl", hash = "sha256:4e885a3d1efa2eadc93c894a21770e4bc67899e3543680313b09f139e149ab19", size = 25639, upload-time = "2025-09-27T18:36:56.908Z" },
    { url = "https://files.pythonhosted.org/packages/96/ec/2102e881fe9d25fc16cb4b25d5f5cde50970967ffa5dddafdb771237062d/markupsafe-3.0.3-cp313-cp313t-manylinux2014_x86_64.manylinux_2_17_x86_64.manylinux_2_28_x86_64.whl", hash = "sha256:8709b08f4a89aa7586de0aadc8da56180242ee0ada3999749b183aa23df95025", size = 23569, upload-time = "2025-09-27T18:36:57.913Z" },
    { url = "https://files.pythonhosted.org/packages/4b/30/6f2fce1f1f205fc9323255b216ca8a235b15860c34b6798f810f05828e32/markupsafe-3.0.3-cp313-cp313t-manylinux_2_31_riscv64.manylinux_2_39_riscv64.whl", hash = "sha256:b8512a91625c9b3da6f127803b166b629725e68af71f8184ae7e7d54686a56d6", size = 23284, upload-time = "2025-09-27T18:36:58.833Z" },
    { url = "https://files.pythonhosted.org/packages/58/47/4a0ccea4ab9f5dcb6f79c0236d954acb382202721e704223a8aafa38b5c8/markupsafe-3.0.3-cp313-cp313t-musllinux_1_2_aarch64.whl", hash = "sha256:9b79b7a16f7fedff2495d684f2b59b0457c3b493778c9eed31111be64d58279f", size = 24801, upload-time = "2025-09-27T18:36:59.739Z" },
    { url = "https://files.pythonhosted.org/packages/6a/70/3780e9b72180b6fecb83a4814d84c3bf4b4ae4bf0b19c27196104149734c/markupsafe-3.0.3-cp313-cp313t-musllinux_1_2_riscv64.whl", hash = "sha256:12c63dfb4a98206f045aa9563db46507995f7ef6d83b2f68eda65c307c6829eb", size = 22769, upload-time = "2025-09-27T18:37:00.719Z" },
    { url = "https://files.pythonhosted.org/packages/98/c5/c03c7f4125180fc215220c035beac6b9cb684bc7a067c84fc69414d315f5/markupsafe-3.0.3-cp313-cp313t-musllinux_1_2_x86_64.whl", hash = "sha256:8f71bc33915be5186016f675cd83a1e08523649b0e33efdb898db577ef5bb009", size = 23642, upload-time = "2025-09-27T18:37:01.673Z" },
    { url = "https://files.pythonhosted.org/packages/80/d6/2d1b89f6ca4bff1036499b1e29a1d02d282259f3681540e16563f27ebc23/markupsafe-3.0.3-cp313-cp313t-win32.whl", hash = "sha256:69c0b73548bc525c8cb9a251cddf1931d1db4d2258e9599c28c07ef3580ef354", size = 14612, upload-time = "2025-09-27T18:37:02.639Z" },
    { url = "https://files.pythonhosted.org/packages/2b/98/e48a4bfba0a0ffcf9925fe2d69240bfaa19c6f7507b8cd09c70684a53c1e/markupsafe-3.0.3-cp313-cp313t-win_amd64.whl", hash = "sha256:1b4b79e8ebf6b55351f0d91fe80f893b4743f104bff22e90697db1590e47a218", size = 15200, upload-time = "2025-09-27T18:37:03.582Z" },
    { url = "https://files.pythonhosted.org/packages/0e/72/e3cc540f351f316e9ed0f092757459afbc595824ca724cbc5a5d4263713f/markupsafe-3.0.3-cp313-cp313t-win_arm64.whl", hash = "sha256:ad2cf8aa28b8c020ab2fc8287b0f823d0a7d8630784c31e9ee5edea20f406287", size = 13973, upload-time = "2025-09-27T18:37:04.929Z" },
    { url = "https://files.pythonhosted.org/packages/33/8a/8e42d4838cd89b7dde187011e97fe6c3af66d8c044997d2183fbd6d31352/markupsafe-3.0.3-cp314-cp314-macosx_10_13_x86_64.whl", hash = "sha256:eaa9599de571d72e2daf60164784109f19978b327a3910d3e9de8c97b5b70cfe", size = 11619, upload-time = "2025-09-27T18:37:06.342Z" },
    { url = "https://files.pythonhosted.org/packages/b5/64/7660f8a4a8e53c924d0fa05dc3a55c9cee10bbd82b11c5afb27d44b096ce/markupsafe-3.0.3-cp314-cp314-macosx_11_0_arm64.whl", hash = "sha256:c47a551199eb8eb2121d4f0f15ae0f923d31350ab9280078d1e5f12b249e0026", size = 12029, upload-time = "2025-09-27T18:37:07.213Z" },
    { url = "https://files.pythonhosted.org/packages/da/ef/e648bfd021127bef5fa12e1720ffed0c6cbb8310c8d9bea7266337ff06de/markupsafe-3.0.3-cp314-cp314-manylinux2014_aarch64.manylinux_2_17_aarch64.manylinux_2_28_aarch64.whl", hash = "sha256:f34c41761022dd093b4b6896d4810782ffbabe30f2d443ff5f083e0cbbb8c737", size = 24408, upload-time = "2025-09-27T18:37:09.572Z" },
    { url = "https://files.pythonhosted.org/packages/41/3c/a36c2450754618e62008bf7435ccb0f88053e07592e6028a34776213d877/markupsafe-3.0.3-cp314-cp314-manylinux2014_x86_64.manylinux_2_17_x86_64.manylinux_2_28_x86_64.whl", hash = "sha256:457a69a9577064c05a97c41f4e65148652db078a3a509039e64d3467b9e7ef97", size = 23005, upload-time = "2025-09-27T18:37:10.58Z" },
    { url = "https://files.pythonhosted.org/packages/bc/20/b7fdf89a8456b099837cd1dc21974632a02a999ec9bf7ca3e490aacd98e7/markupsafe-3.0.3-cp314-cp314-manylinux_2_31_riscv64.manylinux_2_39_riscv64.whl", hash = "sha256:e8afc3f2ccfa24215f8cb28dcf43f0113ac3c37c2f0f0806d8c70e4228c5cf4d", size = 22048, upload-time = "2025-09-27T18:37:11.547Z" },
    { url = "https://files.pythonhosted.org/packages/9a/a7/591f592afdc734f47db08a75793a55d7fbcc6902a723ae4cfbab61010cc5/markupsafe-3.0.3-cp314-cp314-musllinux_1_2_aarch64.whl", hash = "sha256:ec15a59cf5af7be74194f7ab02d0f59a62bdcf1a537677ce67a2537c9b87fcda", size = 23821, upload-time = "2025-09-27T18:37:12.48Z" },
    { url = "https://files.pythonhosted.org/packages/7d/33/45b24e4f44195b26521bc6f1a82197118f74df348556594bd2262bda1038/markupsafe-3.0.3-cp314-cp314-musllinux_1_2_riscv64.whl", hash = "sha256:0eb9ff8191e8498cca014656ae6b8d61f39da5f95b488805da4bb029cccbfbaf", size = 21606, upload-time = "2025-09-27T18:37:13.485Z" },
    { url = "https://files.pythonhosted.org/packages/ff/0e/53dfaca23a69fbfbbf17a4b64072090e70717344c52eaaaa9c5ddff1e5f0/markupsafe-3.0.3-cp314-cp314-musllinux_1_2_x86_64.whl", hash = "sha256:2713baf880df847f2bece4230d4d094280f4e67b1e813eec43b4c0e144a34ffe", size = 23043, upload-time = "2025-09-27T18:37:14.408Z" },
    { url = "https://files.pythonhosted.org/packages/46/11/f333a06fc16236d5238bfe74daccbca41459dcd8d1fa952e8fbd5dccfb70/markupsafe-3.0.3-cp314-cp314-win32.whl", hash = "sha256:729586769a26dbceff69f7a7dbbf59ab6572b99d94576a5592625d5b411576b9", size = 14747, upload-time = "2025-09-27T18:37:15.36Z" },
    { url = "https://files.pythonhosted.org/packages/28/52/182836104b33b444e400b14f797212f720cbc9ed6ba34c800639d154e821/markupsafe-3.0.3-cp314-cp314-win_amd64.whl", hash = "sha256:bdc919ead48f234740ad807933cdf545180bfbe9342c2bb451556db2ed958581", size = 15341, upload-time = "2025-09-27T18:37:16.496Z" },
    { url = "https://files.pythonhosted.org/packages/6f/18/acf23e91bd94fd7b3031558b1f013adfa21a8e407a3fdb32745538730382/markupsafe-3.0.3-cp314-cp314-win_arm64.whl", hash = "sha256:5a7d5dc5140555cf21a6fefbdbf8723f06fcd2f63ef108f2854de715e4422cb4", size = 14073, upload-time = "2025-09-27T18:37:17.476Z" },
    { url = "https://files.pythonhosted.org/packages/3c/f0/57689aa4076e1b43b15fdfa646b04653969d50cf30c32a102762be2485da/markupsafe-3.0.3-cp314-cp314t-macosx_10_13_x86_64.whl", hash = "sha256:1353ef0c1b138e1907ae78e2f6c63ff67501122006b0f9abad68fda5f4ffc6ab", size = 11661, upload-time = "2025-09-27T18:37:18.453Z" },
    { url = "https://files.pythonhosted.org/packages/89/c3/2e67a7ca217c6912985ec766c6393b636fb0c2344443ff9d91404dc4c79f/markupsafe-3.0.3-cp314-cp314t-macosx_11_0_arm64.whl", hash = "sha256:1085e7fbddd3be5f89cc898938f42c0b3c711fdcb37d75221de2666af647c175", size = 12069, upload-time = "2025-09-27T18:37:19.332Z" },
    { url = "https://files.pythonhosted.org/packages/f0/00/be561dce4e6ca66b15276e184ce4b8aec61fe83662cce2f7d72bd3249d28/markupsafe-3.0.3-cp314-cp314t-manylinux2014_aarch64.manylinux_2_17_aarch64.manylinux_2_28_aarch64.whl", hash = "sha256:1b52b4fb9df4eb9ae465f8d0c228a00624de2334f216f178a995ccdcf82c4634", size = 25670, upload-time = "2025-09-27T18:37:20.245Z" },
    { url = "https://files.pythonhosted.org/packages/50/09/c419f6f5a92e5fadde27efd190eca90f05e1261b10dbd8cbcb39cd8ea1dc/markupsafe-3.0.3-cp314-cp314t-manylinux2014_x86_64.manylinux_2_17_x86_64.manylinux_2_28_x86_64.whl", hash = "sha256:fed51ac40f757d41b7c48425901843666a6677e3e8eb0abcff09e4ba6e664f50", size = 23598, upload-time = "2025-09-27T18:37:21.177Z" },
    { url = "https://files.pythonhosted.org/packages/22/44/a0681611106e0b2921b3033fc19bc53323e0b50bc70cffdd19f7d679bb66/markupsafe-3.0.3-cp314-cp314t-manylinux_2_31_riscv64.manylinux_2_39_riscv64.whl", hash = "sha256:f190daf01f13c72eac4efd5c430a8de82489d9cff23c364c3ea822545032993e", size = 23261, upload-time = "2025-09-27T18:37:22.167Z" },
    { url = "https://files.pythonhosted.org/packages/5f/57/1b0b3f100259dc9fffe780cfb60d4be71375510e435efec3d116b6436d43/markupsafe-3.0.3-cp314-cp314t-musllinux_1_2_aarch64.whl", hash = "sha256:e56b7d45a839a697b5eb268c82a71bd8c7f6c94d6fd50c3d577fa39a9f1409f5", size = 24835, upload-time = "2025-09-27T18:37:23.296Z" },
    { url = "https://files.pythonhosted.org/packages/26/6a/4bf6d0c97c4920f1597cc14dd720705eca0bf7c787aebc6bb4d1bead5388/markupsafe-3.0.3-cp314-cp314t-musllinux_1_2_riscv64.whl", hash = "sha256:f3e98bb3798ead92273dc0e5fd0f31ade220f59a266ffd8a4f6065e0a3ce0523", size = 22733, upload-time = "2025-09-27T18:37:24.237Z" },
    { url = "https://files.pythonhosted.org/packages/14/c7/ca723101509b518797fedc2fdf79ba57f886b4aca8a7d31857ba3ee8281f/markupsafe-3.0.3-cp314-cp314t-musllinux_1_2_x86_64.whl", hash = "sha256:5678211cb9333a6468fb8d8be0305520aa073f50d17f089b5b4b477ea6e67fdc", size = 23672, upload-time = "2025-09-27T18:37:25.271Z" },
    { url = "https://files.pythonhosted.org/packages/fb/df/5bd7a48c256faecd1d36edc13133e51397e41b73bb77e1a69deab746ebac/markupsafe-3.0.3-cp314-cp314t-win32.whl", hash = "sha256:915c04ba3851909ce68ccc2b8e2cd691618c4dc4c4232fb7982bca3f41fd8c3d", size = 14819, upload-time = "2025-09-27T18:37:26.285Z" },
    { url = "https://files.pythonhosted.org/packages/1a/8a/0402ba61a2f16038b48b39bccca271134be00c5c9f0f623208399333c448/markupsafe-3.0.3-cp314-cp314t-win_amd64.whl", hash = "sha256:4faffd047e07c38848ce017e8725090413cd80cbc23d86e55c587bf979e579c9", size = 15426, upload-time = "2025-09-27T18:37:27.316Z" },
    { url = "https://files.pythonhosted.org/packages/70/bc/6f1c2f612465f5fa89b95bead1f44dcb607670fd42891d8fdcd5d039f4f4/markupsafe-3.0.3-cp314-cp314t-win_arm64.whl", hash = "sha256:32001d6a8fc98c8cb5c947787c5d08b0a50663d139f1305bac5885d98d9b40fa", size = 14146, upload-time = "2025-09-27T18:37:28.327Z" },
]

[[package]]
name = "requests"
version = "2.32.5"
source = { registry = "https://pypi.org/simple" }
dependencies = [
    { name = "certifi" },
    { name = "charset-normalizer" },
    { name = "idna" },
    { name = "urllib3" },
]
sdist = { url = "https://files.pythonhosted.org/packages/c9/74/b3ff8e6c8446842c3f5c837e9c3dfcfe2018ea6ecef224c710c85ef728f4/requests-2.32.5.tar.gz", hash = "sha256:dbba0bac56e100853db0ea71b82b4dfd5fe2bf6d3754a8893c3af500cec7d7cf", size = 134517, upload-time = "2025-08-18T20:46:02.573Z" }
wheels = [
    { url = "https://files.pythonhosted.org/packages/1e/db/4254e3eabe8020b458f1a747140d32277ec7a271daf1d235b70dc0b4e6e3/requests-2.32.5-py3-none-any.whl", hash = "sha256:2462f94637a34fd532264295e186976db0f5d453d1cdd31473c85a6a161affb6", size = 64738, upload-time = "2025-08-18T20:46:00.542Z" },
]

[[package]]
name = "urllib3"
version = "2.6.3"
source = { registry = "https://pypi.org/simple" }
sdist = { url = "https://files.pythonhosted.org/packages/c7/24/5f1b3bdffd70275f6661c76461e25f024d5a38a46f04aaca912426a2b1d3/urllib3-2.6.3.tar.gz", hash = "sha256:1b62b6884944a57dbe321509ab94fd4d3b307075e0c2eae991ac71ee15ad38ed", size = 435556, upload-time = "2026-01-07T16:24:43.925Z" }
wheels = [
    { url = "https://files.pythonhosted.org/packages/39/08/aaaad47bc4e9dc8c725e68f9d04865dbcb2052843ff09c97b08904852d84/urllib3-2.6.3-py3-none-any.whl", hash = "sha256:bf272323e553dfb2e87d9bfd225ca7b0f467b919d7bbd355436d3fd37cb0acd4", size = 131584, upload-time = "2026-01-07T16:24:42.685Z" },
]

[[package]]
name = "wikidata-props"
version = "0.1.0"
source = { virtual = "." }
dependencies = [
    { name = "jinja2" },
    { name = "loguru" },
    { name = "requests" },
]

[package.metadata]
requires-dist = [
    { name = "jinja2", specifier = ">=3.1.6" },
    { name = "loguru", specifier = ">=0.7.3" },
    { name = "requests", specifier = ">=2.32.5" },
]

[[package]]
name = "win32-setctime"
version = "1.2.0"
source = { registry = "https://pypi.org/simple" }
sdist = { url = "https://files.pythonhosted.org/packages/b3/8f/705086c9d734d3b663af0e9bb3d4de6578d08f46b1b101c2442fd9aecaa2/win32_setctime-1.2.0.tar.gz", hash = "sha256:ae1fdf948f5640aae05c511ade119313fb6a30d7eabe25fef9764dca5873c4c0", size = 4867, upload-time = "2024-12-07T15:28:28.314Z" }
wheels = [
    { url = "https://files.pythonhosted.org/packages/e1/07/c6fe3ad3e685340704d314d765b7912993bcb8dc198f0e7a89382d37974b/win32_setctime-1.2.0-py3-none-any.whl", hash = "sha256:95d644c4e708aba81dc3704a116d8cbc974d70b3bdb8be1d150e36be6e9d1390", size = 4083, upload-time = "2024-12-07T15:28:26.465Z" },
]
